
Microsoft Visual Studio Solution File, Format Version 12.00
# Visual Studio 14
VisualStudioVersion = 14.0.25420.1
MinimumVisualStudioVersion = 10.0.40219.1
Project("{FAE04EC0-301F-11D3-BF4B-00C04F79EFBC}") = "Blog.EventSourcing.Domain", "blog.EventSourcing.Domain\Blog.EventSourcing.Domain.csproj", "{6421A61F-7921-48D7-B4D2-CC3FF9B4E417}"
EndProject
Project("{FAE04EC0-301F-11D3-BF4B-00C04F79EFBC}") = "Blog.EventSourcing.UnitTest", "Blog.EventSourcing.UnitTest\Blog.EventSourcing.UnitTest.csproj", "{232B31AB-D6EC-4138-89F5-23DF151E9AD6}"
EndProject
Project("{FAE04EC0-301F-11D3-BF4B-00C04F79EFBC}") = "Blog.EventSourcing.CommandLineRunner", "Blog.EventSourcing.CommandLineRunner\Blog.EventSourcing.CommandLineRunner.csproj", "{5CB3AA51-8FC0-45A9-8B03-BE5DED5C05F3}"
EndProject
Project("{FAE04EC0-301F-11D3-BF4B-00C04F79EFBC}") = "Blog.EventSourcing.Events", "Blog.EventSourcing.Events\Blog.EventSourcing.Events.csproj", "{EDEBA9A7-7A98-4061-A184-06675CA0FFB8}"
EndProject
Project("{FAE04EC0-301F-11D3-BF4B-00C04F79EFBC}") = "Blog.EventSourcing.SimpleReadModell", "Blog.EventSourcing.SimpleReadModell\Blog.EventSourcing.SimpleReadModell.csproj", "{CE50B416-113B-4ECA-B813-4CBD55C66DD5}"
EndProject
Global
	GlobalSection(SolutionConfigurationPlatforms) = preSolution
		Debug|Any CPU = Debug|Any CPU
		Release|Any CPU = Release|Any CPU
	EndGlobalSection
	GlobalSection(ProjectConfigurationPlatforms) = postSolution
		{6421A61F-7921-48D7-B4D2-CC3FF9B4E417}.Debug|Any CPU.ActiveCfg = Debug|Any CPU
		{6421A61F-7921-48D7-B4D2-CC3FF9B4E417}.Debug|Any CPU.Build.0 = Debug|Any CPU
		{6421A61F-7921-48D7-B4D2-CC3FF9B4E417}.Release|Any CPU.ActiveCfg = Release|Any CPU
		{6421A61F-7921-48D7-B4D2-CC3FF9B4E417}.Release|Any CPU.Build.0 = Release|Any CPU
		{232B31AB-D6EC-4138-89F5-23DF151E9AD6}.Debug|Any CPU.ActiveCfg = Debug|Any CPU
		{232B31AB-D6EC-4138-89F5-23DF151E9AD6}.Debug|Any CPU.Build.0 = Debug|Any CPU
		{232B31AB-D6EC-4138-89F5-23DF151E9AD6}.Release|Any CPU.ActiveCfg = Release|Any CPU
		{232B31AB-D6EC-4138-89F5-23DF151E9AD6}.Release|Any CPU.Build.0 = Release|Any CPU
		{5CB3AA51-8FC0-45A9-8B03-BE5DED5C05F3}.Debug|Any CPU.ActiveCfg = Debug|Any CPU
		{5CB3AA51-8FC0-45A9-8B03-BE5DED5C05F3}.Debug|Any CPU.Build.0 = Debug|Any CPU
		{5CB3AA51-8FC0-45A9-8B03-BE5DED5C05F3}.Release|Any CPU.ActiveCfg = Release|Any CPU
		{5CB3AA51-8FC0-45A9-8B03-BE5DED5C05F3}.Release|Any CPU.Build.0 = Release|Any CPU
		{EDEBA9A7-7A98-4061-A184-06675CA0FFB8}.Debug|Any CPU.ActiveCfg = Debug|Any CPU
		{EDEBA9A7-7A98-4061-A184-06675CA0FFB8}.Debug|Any CPU.Build.0 = Debug|Any CPU
		{EDEBA9A7-7A98-4061-A184-06675CA0FFB8}.Release|Any CPU.ActiveCfg = Release|Any CPU
		{EDEBA9A7-7A98-4061-A184-06675CA0FFB8}.Release|Any CPU.Build.0 = Release|Any CPU
		{CE50B416-113B-4ECA-B813-4CBD55C66DD5}.Debug|Any CPU.ActiveCfg = Debug|Any CPU
		{CE50B416-113B-4ECA-B813-4CBD55C66DD5}.Debug|Any CPU.Build.0 = Debug|Any CPU
		{CE50B416-113B-4ECA-B813-4CBD55C66DD5}.Release|Any CPU.ActiveCfg = Release|Any CPU
		{CE50B416-113B-4ECA-B813-4CBD55C66DD5}.Release|Any CPU.Build.0 = Release|Any CPU
	EndGlobalSection
	GlobalSection(SolutionProperties) = preSolution
		HideSolutionNode = FALSE
	EndGlobalSection
EndGlobal
